
Microsoft Visual Studio Solution File, Format Version 12.00
# Visual Studio 15
VisualStudioVersion = 15.0.27004.2010
MinimumVisualStudioVersion = 10.0.40219.1
Project("{A07B5EB6-E848-4116-A8D0-A826331D98C6}") = "SFAutoscalerApplication", "SFAutoscalerApplication\SFAutoscalerApplication.sfproj", "{20F4038D-7EB2-4538-8259-B9C1C7612BA1}"
EndProject
Project("{FAE04EC0-301F-11D3-BF4B-00C04F79EFBC}") = "LoadGeneratorService", "LoadGeneratorService\LoadGeneratorService.csproj", "{10F9DF9B-B7A9-4488-854A-A4B5713E5AE8}"
EndProject
Project("{FAE04EC0-301F-11D3-BF4B-00C04F79EFBC}") = "AutoscalerBot", "AutoscalerBot\AutoscalerBot.csproj", "{E0D04A3B-03B5-4742-A4BF-4F1C6D2C793D}"
EndProject
Project("{FAE04EC0-301F-11D3-BF4B-00C04F79EFBC}") = "AutoscalerBotService", "AutoscalerBotService\AutoscalerBotService.csproj", "{6E311DA7-03BA-49D9-829E-996023E1889F}"
EndProject
Project("{FAE04EC0-301F-11D3-BF4B-00C04F79EFBC}") = "EventGrid.Helper", "EventGrid.Helper\EventGrid.Helper.csproj", "{9485CA68-17CC-45DF-A45F-C99C32EB18B9}"
EndProject
Project("{FAE04EC0-301F-11D3-BF4B-00C04F79EFBC}") = "EventGridTest", "EventGridTest\EventGridTest.csproj", "{29A6A245-C09D-4D83-808E-6C4BDE68AD15}"
EndProject
Project("{FAE04EC0-301F-11D3-BF4B-00C04F79EFBC}") = "LoadMonitorService", "LoadMonitorService\LoadMonitorService.csproj", "{CFEE307D-3396-4105-BB5E-E851996B8155}"
EndProject
Project("{FAE04EC0-301F-11D3-BF4B-00C04F79EFBC}") = "ScalerGatewayService", "ScalerGatewayService\ScalerGatewayService.csproj", "{05C5B20D-F8DB-45CB-B2A1-59CC7667BDEE}"
EndProject
Global
	GlobalSection(SolutionConfigurationPlatforms) = preSolution
		Debug|Any CPU = Debug|Any CPU
		Debug|x64 = Debug|x64
		Release|Any CPU = Release|Any CPU
		Release|x64 = Release|x64
	EndGlobalSection
	GlobalSection(ProjectConfigurationPlatforms) = postSolution
		{20F4038D-7EB2-4538-8259-B9C1C7612BA1}.Debug|Any CPU.ActiveCfg = Debug|x64
		{20F4038D-7EB2-4538-8259-B9C1C7612BA1}.Debug|x64.ActiveCfg = Debug|x64
		{20F4038D-7EB2-4538-8259-B9C1C7612BA1}.Debug|x64.Build.0 = Debug|x64
		{20F4038D-7EB2-4538-8259-B9C1C7612BA1}.Debug|x64.Deploy.0 = Debug|x64
		{20F4038D-7EB2-4538-8259-B9C1C7612BA1}.Release|Any CPU.ActiveCfg = Release|x64
		{20F4038D-7EB2-4538-8259-B9C1C7612BA1}.Release|x64.ActiveCfg = Release|x64
		{20F4038D-7EB2-4538-8259-B9C1C7612BA1}.Release|x64.Build.0 = Release|x64
		{20F4038D-7EB2-4538-8259-B9C1C7612BA1}.Release|x64.Deploy.0 = Release|x64
		{10F9DF9B-B7A9-4488-854A-A4B5713E5AE8}.Debug|Any CPU.ActiveCfg = Debug|x64
		{10F9DF9B-B7A9-4488-854A-A4B5713E5AE8}.Debug|x64.ActiveCfg = Debug|x64
		{10F9DF9B-B7A9-4488-854A-A4B5713E5AE8}.Debug|x64.Build.0 = Debug|x64
		{10F9DF9B-B7A9-4488-854A-A4B5713E5AE8}.Release|Any CPU.ActiveCfg = Release|x64
		{10F9DF9B-B7A9-4488-854A-A4B5713E5AE8}.Release|x64.ActiveCfg = Release|x64
		{10F9DF9B-B7A9-4488-854A-A4B5713E5AE8}.Release|x64.Build.0 = Release|x64
		{E0D04A3B-03B5-4742-A4BF-4F1C6D2C793D}.Debug|Any CPU.ActiveCfg = Debug|Any CPU
		{E0D04A3B-03B5-4742-A4BF-4F1C6D2C793D}.Debug|Any CPU.Build.0 = Debug|Any CPU
		{E0D04A3B-03B5-4742-A4BF-4F1C6D2C793D}.Debug|x64.ActiveCfg = Debug|Any CPU
		{E0D04A3B-03B5-4742-A4BF-4F1C6D2C793D}.Debug|x64.Build.0 = Debug|Any CPU
		{E0D04A3B-03B5-4742-A4BF-4F1C6D2C793D}.Release|Any CPU.ActiveCfg = Release|Any CPU
		{E0D04A3B-03B5-4742-A4BF-4F1C6D2C793D}.Release|Any CPU.Build.0 = Release|Any CPU
		{E0D04A3B-03B5-4742-A4BF-4F1C6D2C793D}.Release|x64.ActiveCfg = Release|Any CPU
		{E0D04A3B-03B5-4742-A4BF-4F1C6D2C793D}.Release|x64.Build.0 = Release|Any CPU
		{6E311DA7-03BA-49D9-829E-996023E1889F}.Debug|Any CPU.ActiveCfg = Debug|x64
		{6E311DA7-03BA-49D9-829E-996023E1889F}.Debug|x64.ActiveCfg = Debug|x64
		{6E311DA7-03BA-49D9-829E-996023E1889F}.Debug|x64.Build.0 = Debug|x64
		{6E311DA7-03BA-49D9-829E-996023E1889F}.Release|Any CPU.ActiveCfg = Release|x64
		{6E311DA7-03BA-49D9-829E-996023E1889F}.Release|x64.ActiveCfg = Release|x64
		{6E311DA7-03BA-49D9-829E-996023E1889F}.Release|x64.Build.0 = Release|x64
		{9485CA68-17CC-45DF-A45F-C99C32EB18B9}.Debug|Any CPU.ActiveCfg = Debug|Any CPU
		{9485CA68-17CC-45DF-A45F-C99C32EB18B9}.Debug|Any CPU.Build.0 = Debug|Any CPU
		{9485CA68-17CC-45DF-A45F-C99C32EB18B9}.Debug|x64.ActiveCfg = Debug|Any CPU
		{9485CA68-17CC-45DF-A45F-C99C32EB18B9}.Debug|x64.Build.0 = Debug|Any CPU
		{9485CA68-17CC-45DF-A45F-C99C32EB18B9}.Release|Any CPU.ActiveCfg = Release|Any CPU
		{9485CA68-17CC-45DF-A45F-C99C32EB18B9}.Release|Any CPU.Build.0 = Release|Any CPU
		{9485CA68-17CC-45DF-A45F-C99C32EB18B9}.Release|x64.ActiveCfg = Release|Any CPU
		{9485CA68-17CC-45DF-A45F-C99C32EB18B9}.Release|x64.Build.0 = Release|Any CPU
		{29A6A245-C09D-4D83-808E-6C4BDE68AD15}.Debug|Any CPU.ActiveCfg = Debug|Any CPU
		{29A6A245-C09D-4D83-808E-6C4BDE68AD15}.Debug|Any CPU.Build.0 = Debug|Any CPU
		{29A6A245-C09D-4D83-808E-6C4BDE68AD15}.Debug|x64.ActiveCfg = Debug|Any CPU
		{29A6A245-C09D-4D83-808E-6C4BDE68AD15}.Debug|x64.Build.0 = Debug|Any CPU
		{29A6A245-C09D-4D83-808E-6C4BDE68AD15}.Release|Any CPU.ActiveCfg = Release|Any CPU
		{29A6A245-C09D-4D83-808E-6C4BDE68AD15}.Release|Any CPU.Build.0 = Release|Any CPU
		{29A6A245-C09D-4D83-808E-6C4BDE68AD15}.Release|x64.ActiveCfg = Release|Any CPU
		{29A6A245-C09D-4D83-808E-6C4BDE68AD15}.Release|x64.Build.0 = Release|Any CPU
		{CFEE307D-3396-4105-BB5E-E851996B8155}.Debug|Any CPU.ActiveCfg = Debug|x64
		{CFEE307D-3396-4105-BB5E-E851996B8155}.Debug|x64.ActiveCfg = Debug|x64
		{CFEE307D-3396-4105-BB5E-E851996B8155}.Debug|x64.Build.0 = Debug|x64
		{CFEE307D-3396-4105-BB5E-E851996B8155}.Release|Any CPU.ActiveCfg = Release|x64
		{CFEE307D-3396-4105-BB5E-E851996B8155}.Release|x64.ActiveCfg = Release|x64
		{CFEE307D-3396-4105-BB5E-E851996B8155}.Release|x64.Build.0 = Release|x64
		{05C5B20D-F8DB-45CB-B2A1-59CC7667BDEE}.Debug|Any CPU.ActiveCfg = Debug|Any CPU
		{05C5B20D-F8DB-45CB-B2A1-59CC7667BDEE}.Debug|Any CPU.Build.0 = Debug|Any CPU
		{05C5B20D-F8DB-45CB-B2A1-59CC7667BDEE}.Debug|x64.ActiveCfg = Debug|Any CPU
		{05C5B20D-F8DB-45CB-B2A1-59CC7667BDEE}.Debug|x64.Build.0 = Debug|Any CPU
		{05C5B20D-F8DB-45CB-B2A1-59CC7667BDEE}.Release|Any CPU.ActiveCfg = Release|Any CPU
		{05C5B20D-F8DB-45CB-B2A1-59CC7667BDEE}.Release|Any CPU.Build.0 = Release|Any CPU
		{05C5B20D-F8DB-45CB-B2A1-59CC7667BDEE}.Release|x64.ActiveCfg = Release|Any CPU
		{05C5B20D-F8DB-45CB-B2A1-59CC7667BDEE}.Release|x64.Build.0 = Release|Any CPU
	EndGlobalSection
	GlobalSection(SolutionProperties) = preSolution
		HideSolutionNode = FALSE
	EndGlobalSection
	GlobalSection(ExtensibilityGlobals) = postSolution
		SolutionGuid = {9575811E-396C-4A89-B1B6-FC2DCD4548A4}
	EndGlobalSection
EndGlobal
